{
  "lockfileVersion": 1,
  "workspaces": {
    "": {
      "name": "sigma",
      "dependencies": {
        "@sigma/edge-curve": "^3.1.0",
        "circular": "^1.0.5",
        "graphology": "^0.26.0",
        "graphology-layout": "^0.6.1",
        "graphology-layout-force": "^0.2.4",
        "graphology-layout-forceatlas2": "^0.10.1",
        "graphology-layout-noverlap": "^0.4.2",
        "graphology-metrics": "^2.3.1",
        "sigma": "^3.0.1",
        "vis-data": "^7.1.9",
        "vis-network": "^9.1.9",
      },
      "devDependencies": {
        "@types/bun": "latest",
      },
      "peerDependencies": {
        "typescript": "^5",
      },
    },
  },
  "packages": {
    "@egjs/hammerjs": ["@egjs/hammerjs@2.0.17", "", { "dependencies": { "@types/hammerjs": "^2.0.36" } }, "sha512-XQsZgjm2EcVUiZQf11UBJQfmZeEmOW8DpI1gsFeln6w0ae0ii4dMQEQ0kjl6DspdWX1aGY1/loyXnP0JS06e/A=="],

    "@sigma/edge-curve": ["@sigma/edge-curve@3.1.0", "", { "peerDependencies": { "sigma": ">=3.0.0-beta.10" } }, "sha512-OFWkfAXEsm+X8l1K4K49cC0psB0gQ+gqxKA08HG5piNPdzrDZ5gG9Gza6htZ5AirOVwd/4/uq/gPpD5En+H+3Q=="],

    "@types/bun": ["@types/bun@1.2.10", "", { "dependencies": { "bun-types": "1.2.10" } }, "sha512-eilv6WFM3M0c9ztJt7/g80BDusK98z/FrFwseZgT4bXCq2vPhXD4z8R3oddmAn+R/Nmz9vBn4kweJKmGTZj+lg=="],

    "@types/hammerjs": ["@types/hammerjs@2.0.46", "", {}, "sha512-ynRvcq6wvqexJ9brDMS4BnBLzmr0e14d6ZJTEShTBWKymQiHwlAyGu0ZPEFI2Fh1U53F7tN9ufClWM5KvqkKOw=="],

    "@types/node": ["@types/node@22.14.1", "", { "dependencies": { "undici-types": "~6.21.0" } }, "sha512-u0HuPQwe/dHrItgHHpmw3N2fYCR6x4ivMNbPHRkBVP4CvN+kiRrKHWk3i8tXiO/joPwXLMYvF9TTF0eqgHIuOw=="],

    "@yomguithereal/helpers": ["@yomguithereal/helpers@1.1.1", "", {}, "sha512-UYvAq/XCA7xoh1juWDYsq3W0WywOB+pz8cgVnE1b45ZfdMhBvHDrgmSFG3jXeZSr2tMTYLGHFHON+ekG05Jebg=="],

    "bun-types": ["bun-types@1.2.10", "", { "dependencies": { "@types/node": "*" } }, "sha512-b5ITZMnVdf3m1gMvJHG+gIfeJHiQPJak0f7925Hxu6ZN5VKA8AGy4GZ4lM+Xkn6jtWxg5S3ldWvfmXdvnkp3GQ=="],

    "circular": ["circular@1.0.5", "", {}, "sha512-n4Sspha+wxUl5zeA3JYp1zFCjsLz2VfXIe2gRKNQBrIX+7iPdGcCGZOF8W8IULtllZ/aejXtySfdFFt1wy/3JQ=="],

    "component-emitter": ["component-emitter@1.3.1", "", {}, "sha512-T0+barUSQRTUQASh8bx02dl+DhF54GtIDY13Y3m9oWTklKbb3Wv974meRpeZ3lp1JpLVECWWNHC4vaG2XHXouQ=="],

    "events": ["events@3.3.0", "", {}, "sha512-mQw+2fkQbALzQ7V0MY0IqdnXNOeTtP4r0lN9z7AAawCXgqea7bDii20AYrIBrFd/Hx0M2Ocz6S111CaFkUcb0Q=="],

    "graphology": ["graphology@0.26.0", "", { "dependencies": { "events": "^3.3.0" }, "peerDependencies": { "graphology-types": ">=0.24.0" } }, "sha512-8SSImzgUUYC89Z042s+0r/vMibY7GX/Emz4LDO5e7jYXhuoWfHISPFJYjpRLUSJGq6UQ6xlenvX1p/hJdfXuXg=="],

    "graphology-indices": ["graphology-indices@0.17.0", "", { "dependencies": { "graphology-utils": "^2.4.2", "mnemonist": "^0.39.0" }, "peerDependencies": { "graphology-types": ">=0.20.0" } }, "sha512-A7RXuKQvdqSWOpn7ZVQo4S33O0vCfPBnUSf7FwE0zNCasqwZVUaCXePuWo5HBpWw68KJcwObZDHpFk6HKH6MYQ=="],

    "graphology-layout": ["graphology-layout@0.6.1", "", { "dependencies": { "graphology-utils": "^2.3.0", "pandemonium": "^2.4.0" }, "peerDependencies": { "graphology-types": ">=0.19.0" } }, "sha512-m9aMvbd0uDPffUCFPng5ibRkb2pmfNvdKjQWeZrf71RS1aOoat5874+DcyNfMeCT4aQguKC7Lj9eCbqZj/h8Ag=="],

    "graphology-layout-force": ["graphology-layout-force@0.2.4", "", { "dependencies": { "graphology-utils": "^2.4.2" }, "peerDependencies": { "graphology-types": ">=0.19.0" } }, "sha512-NYZz0YAnDkn5pkm30cvB0IScFoWGtbzJMrqaiH070dYlYJiag12Oc89dbVfaMaVR/w8DMIKxn/ix9Bqj+Umm9Q=="],

    "graphology-layout-forceatlas2": ["graphology-layout-forceatlas2@0.10.1", "", { "dependencies": { "graphology-utils": "^2.1.0" }, "peerDependencies": { "graphology-types": ">=0.19.0" } }, "sha512-ogzBeF1FvWzjkikrIFwxhlZXvD2+wlY54lqhsrWprcdPjopM2J9HoMweUmIgwaTvY4bUYVimpSsOdvDv1gPRFQ=="],

    "graphology-layout-noverlap": ["graphology-layout-noverlap@0.4.2", "", { "dependencies": { "graphology-utils": "^2.3.0" }, "peerDependencies": { "graphology-types": ">=0.19.0" } }, "sha512-13WwZSx96zim6l1dfZONcqLh3oqyRcjIBsqz2c2iJ3ohgs3605IDWjldH41Gnhh462xGB1j6VGmuGhZ2FKISXA=="],

    "graphology-metrics": ["graphology-metrics@2.3.1", "", { "dependencies": { "graphology-indices": "^0.17.0", "graphology-shortest-path": "^2.0.0", "graphology-utils": "^2.4.4", "mnemonist": "^0.39.0" }, "peerDependencies": { "graphology-types": ">=0.20.0" } }, "sha512-131GRSKUR8DrGkLZSYKM3cwxEg+jqXvv1yLh/KgO0My7BOiuo80r0Qrsnv2N3ZjcOlh8namUS4sSk+cCVnTgKA=="],

    "graphology-shortest-path": ["graphology-shortest-path@2.1.0", "", { "dependencies": { "@yomguithereal/helpers": "^1.1.1", "graphology-indices": "^0.17.0", "graphology-utils": "^2.4.3", "mnemonist": "^0.39.0" }, "peerDependencies": { "graphology-types": ">=0.20.0" } }, "sha512-KbT9CTkP/u72vGEJzyRr24xFC7usI9Es3LMmCPHGwQ1KTsoZjxwA9lMKxfU0syvT/w+7fZUdB/Hu2wWYcJBm6Q=="],

    "graphology-types": ["graphology-types@0.24.8", "", {}, "sha512-hDRKYXa8TsoZHjgEaysSRyPdT6uB78Ci8WnjgbStlQysz7xR52PInxNsmnB7IBOM1BhikxkNyCVEFgmPKnpx3Q=="],

    "graphology-utils": ["graphology-utils@2.5.2", "", { "peerDependencies": { "graphology-types": ">=0.23.0" } }, "sha512-ckHg8MXrXJkOARk56ZaSCM1g1Wihe2d6iTmz1enGOz4W/l831MBCKSayeFQfowgF8wd+PQ4rlch/56Vs/VZLDQ=="],

    "keycharm": ["keycharm@0.4.0", "", {}, "sha512-TyQTtsabOVv3MeOpR92sIKk/br9wxS+zGj4BG7CR8YbK4jM3tyIBaF0zhzeBUMx36/Q/iQLOKKOT+3jOQtemRQ=="],

    "mnemonist": ["mnemonist@0.39.8", "", { "dependencies": { "obliterator": "^2.0.1" } }, "sha512-vyWo2K3fjrUw8YeeZ1zF0fy6Mu59RHokURlld8ymdUPjMlD9EC9ov1/YPqTgqRvUN9nTr3Gqfz29LYAmu0PHPQ=="],

    "obliterator": ["obliterator@2.0.5", "", {}, "sha512-42CPE9AhahZRsMNslczq0ctAEtqk8Eka26QofnqC346BZdHDySk3LWka23LI7ULIw11NmltpiLagIq8gBozxTw=="],

    "pandemonium": ["pandemonium@2.4.1", "", { "dependencies": { "mnemonist": "^0.39.2" } }, "sha512-wRqjisUyiUfXowgm7MFH2rwJzKIr20rca5FsHXCMNm1W5YPP1hCtrZfgmQ62kP7OZ7Xt+cR858aB28lu5NX55g=="],

    "sigma": ["sigma@3.0.1", "", { "dependencies": { "events": "^3.3.0", "graphology-utils": "^2.5.2" } }, "sha512-z67BX1FhIpD+wLs2WJ7QS2aR49TcSr3YaVZ2zU8cAc5jMiUYlSbeDp4EI6euBDUpm3/lzO4pfytP/gW4BhXWuA=="],

    "typescript": ["typescript@5.8.3", "", { "bin": { "tsc": "bin/tsc", "tsserver": "bin/tsserver" } }, "sha512-p1diW6TqL9L07nNxvRMM7hMMw4c5XOo/1ibL4aAIGmSAt9slTE1Xgw5KWuof2uTOvCg9BY7ZRi+GaF+7sfgPeQ=="],

    "undici-types": ["undici-types@6.21.0", "", {}, "sha512-iwDZqg0QAGrg9Rav5H4n0M64c3mkR59cJ6wQp+7C4nI0gsmExaedaYLNO44eT4AtBBwjbTiGPMlt2Md0T9H9JQ=="],

    "uuid": ["uuid@9.0.1", "", { "bin": { "uuid": "dist/bin/uuid" } }, "sha512-b+1eJOlsR9K8HJpow9Ok3fiWOWSIcIzXodvv0rQjVoOVNpWMpxf1wZNpt4y9h10odCNrqnYp1OBzRktckBe3sA=="],

    "vis-data": ["vis-data@7.1.9", "", { "peerDependencies": { "uuid": "^3.4.0 || ^7.0.0 || ^8.0.0 || ^9.0.0", "vis-util": "^5.0.1" } }, "sha512-COQsxlVrmcRIbZMMTYwD+C2bxYCFDNQ2EHESklPiInbD/Pk3JZ6qNL84Bp9wWjYjAzXfSlsNaFtRk+hO9yBPWA=="],

    "vis-network": ["vis-network@9.1.9", "", { "peerDependencies": { "@egjs/hammerjs": "^2.0.0", "component-emitter": "^1.3.0", "keycharm": "^0.2.0 || ^0.3.0 || ^0.4.0", "uuid": "^3.4.0 || ^7.0.0 || ^8.0.0 || ^9.0.0", "vis-data": "^6.3.0 || ^7.0.0", "vis-util": "^5.0.1" } }, "sha512-Ft+hLBVyiLstVYSb69Q1OIQeh3FeUxHJn0WdFcq+BFPqs+Vq1ibMi2sb//cxgq1CP7PH4yOXnHxEH/B2VzpZYA=="],

    "vis-util": ["vis-util@5.0.7", "", { "peerDependencies": { "@egjs/hammerjs": "^2.0.0", "component-emitter": "^1.3.0 || ^2.0.0" } }, "sha512-E3L03G3+trvc/X4LXvBfih3YIHcKS2WrP0XTdZefr6W6Qi/2nNCqZfe4JFfJU6DcQLm6Gxqj2Pfl+02859oL5A=="],
  }
}
